
Microsoft Visual Studio Solution File, Format Version 12.00
# Visual Studio 15
VisualStudioVersion = 15.0.28307.136
MinimumVisualStudioVersion = 10.0.40219.1
Project("{FAE04EC0-301F-11D3-BF4B-00C04F79EFBC}") = "Agent007", "Agent007\Agent007.csproj", "{9E7E8888-7621-4553-98CB-A95DC1B3A2EA}"
EndProject
Global
	GlobalSection(SolutionConfigurationPlatforms) = preSolution
		Debug|Any CPU = Debug|Any CPU
		Release|Any CPU = Release|Any CPU
	EndGlobalSection
	GlobalSection(ProjectConfigurationPlatforms) = postSolution
		{9E7E8888-7621-4553-98CB-A95DC1B3A2EA}.Debug|Any CPU.ActiveCfg = Debug|Any CPU
		{9E7E8888-7621-4553-98CB-A95DC1B3A2EA}.Debug|Any CPU.Build.0 = Debug|Any CPU
		{9E7E8888-7621-4553-98CB-A95DC1B3A2EA}.Release|Any CPU.ActiveCfg = Release|Any CPU
		{9E7E8888-7621-4553-98CB-A95DC1B3A2EA}.Release|Any CPU.Build.0 = Release|Any CPU
	EndGlobalSection
	GlobalSection(SolutionProperties) = preSolution
		HideSolutionNode = FALSE
	EndGlobalSection
	GlobalSection(ExtensibilityGlobals) = postSolution
		SolutionGuid = {FEEF9210-0222-4C2C-8C3B-29F89B6FA762}
	EndGlobalSection
EndGlobal
